{
  "name": "release-gate-check",
  "version": "1.0.0",
  "lockfileVersion": 3,
  "requires": true,
  "packages": {
    "": {
      "name": "release-gate-check",
      "version": "1.0.0",
      "license": "MIT",
      "bin": {
        "release-gate-check": "bin/release-gate-check.js"
      },
      "engines": {
        "node": ">=22"
      }
    }
  }
}
